
Microsoft Visual Studio Solution File, Format Version 12.00
Project("{FAE04EC0-301F-11D3-BF4B-00C04F79EFBC}") = "MoneyManager.API", "MoneyManager.API\MoneyManager.API.csproj", "{6AE30AB9-867D-4762-AE7A-4018389DCDCD}"
EndProject
Project("{FAE04EC0-301F-11D3-BF4B-00C04F79EFBC}") = "MoneyManager.Application", "MoneyManager.Application\MoneyManager.Application.csproj", "{32EEB812-EC6B-4F94-AEFD-7E3F9F50073E}"
EndProject
Project("{2150E333-8FDC-42A3-9474-1A3956D46DE8}") = "Infrastructure", "Infrastructure", "{FD980F47-5B1A-4B30-9BCF-D08703652566}"
EndProject
Project("{FAE04EC0-301F-11D3-BF4B-00C04F79EFBC}") = "Commons.Logging", "Infrastructure\Commons.Logging\Commons.Logging.csproj", "{A809C6C7-B416-4C3A-A180-2D204B59B093}"
EndProject
Project("{FAE04EC0-301F-11D3-BF4B-00C04F79EFBC}") = "Commons.Logging.Serilog", "Infrastructure\Commons.Logging.Serilog\Commons.Logging.Serilog.csproj", "{D81D42B2-6299-452E-BE29-7D0AEEBD6769}"
EndProject
Project("{FAE04EC0-301F-11D3-BF4B-00C04F79EFBC}") = "Infrastructure.AspNetCore", "Infrastructure\Infrastructure.AspNetCore\Infrastructure.AspNetCore.csproj", "{E85D5072-9718-486D-B424-E82CF181C74E}"
EndProject
Project("{FAE04EC0-301F-11D3-BF4B-00C04F79EFBC}") = "Infrastructure.DataTypes", "Infrastructure\Infrastructure.DataTypes\Infrastructure.DataTypes.csproj", "{70E80ECA-33FF-4AFD-9A8A-BFF78AEDE8AE}"
EndProject
Project("{FAE04EC0-301F-11D3-BF4B-00C04F79EFBC}") = "Infrastructure.DataTypes.Serialization", "Infrastructure\Infrastructure.DataTypes.Serialization\Infrastructure.DataTypes.Serialization.csproj", "{7F9BAF87-18A0-40E8-B6AF-BF98F548328B}"
EndProject
Project("{FAE04EC0-301F-11D3-BF4B-00C04F79EFBC}") = "Infrastructure.Nh.Postgres", "Infrastructure\Infrastructure.Nh.Postgres\Infrastructure.Nh.Postgres.csproj", "{0F35C1F3-F023-47A6-A840-4DB80707FF32}"
EndProject
Project("{FAE04EC0-301F-11D3-BF4B-00C04F79EFBC}") = "MoneyManager.Commons", "Infrastructure\MoneyManager.Commons\MoneyManager.Commons.csproj", "{F307B3F0-8402-4A6C-BF01-196EB083F5B3}"
EndProject
Project("{FAE04EC0-301F-11D3-BF4B-00C04F79EFBC}") = "MoneyManager.DataTypes", "Infrastructure\MoneyManager.DataTypes\MoneyManager.DataTypes.csproj", "{143FA585-D82C-46ED-A6DB-08AED0CF5063}"
EndProject
Project("{FAE04EC0-301F-11D3-BF4B-00C04F79EFBC}") = "MoneyManager.Core", "MoneyManager.Core\MoneyManager.Core.csproj", "{B5E350A2-DACD-40FB-9AB3-4D2399BFCE17}"
EndProject
Project("{FAE04EC0-301F-11D3-BF4B-00C04F79EFBC}") = "Infrastructure.Seedwork", "Infrastructure\Infrastructure.Seedwork\Infrastructure.Seedwork.csproj", "{CFDBD7F1-60D4-44A8-BE1B-E73C06594465}"
EndProject
Global
	GlobalSection(SolutionConfigurationPlatforms) = preSolution
		Debug|Any CPU = Debug|Any CPU
		Release|Any CPU = Release|Any CPU
	EndGlobalSection
	GlobalSection(ProjectConfigurationPlatforms) = postSolution
		{6AE30AB9-867D-4762-AE7A-4018389DCDCD}.Debug|Any CPU.ActiveCfg = Debug|Any CPU
		{6AE30AB9-867D-4762-AE7A-4018389DCDCD}.Debug|Any CPU.Build.0 = Debug|Any CPU
		{6AE30AB9-867D-4762-AE7A-4018389DCDCD}.Release|Any CPU.ActiveCfg = Release|Any CPU
		{6AE30AB9-867D-4762-AE7A-4018389DCDCD}.Release|Any CPU.Build.0 = Release|Any CPU
		{32EEB812-EC6B-4F94-AEFD-7E3F9F50073E}.Debug|Any CPU.ActiveCfg = Debug|Any CPU
		{32EEB812-EC6B-4F94-AEFD-7E3F9F50073E}.Debug|Any CPU.Build.0 = Debug|Any CPU
		{32EEB812-EC6B-4F94-AEFD-7E3F9F50073E}.Release|Any CPU.ActiveCfg = Release|Any CPU
		{32EEB812-EC6B-4F94-AEFD-7E3F9F50073E}.Release|Any CPU.Build.0 = Release|Any CPU
		{A809C6C7-B416-4C3A-A180-2D204B59B093}.Debug|Any CPU.ActiveCfg = Debug|Any CPU
		{A809C6C7-B416-4C3A-A180-2D204B59B093}.Debug|Any CPU.Build.0 = Debug|Any CPU
		{A809C6C7-B416-4C3A-A180-2D204B59B093}.Release|Any CPU.ActiveCfg = Release|Any CPU
		{A809C6C7-B416-4C3A-A180-2D204B59B093}.Release|Any CPU.Build.0 = Release|Any CPU
		{D81D42B2-6299-452E-BE29-7D0AEEBD6769}.Debug|Any CPU.ActiveCfg = Debug|Any CPU
		{D81D42B2-6299-452E-BE29-7D0AEEBD6769}.Debug|Any CPU.Build.0 = Debug|Any CPU
		{D81D42B2-6299-452E-BE29-7D0AEEBD6769}.Release|Any CPU.ActiveCfg = Release|Any CPU
		{D81D42B2-6299-452E-BE29-7D0AEEBD6769}.Release|Any CPU.Build.0 = Release|Any CPU
		{E85D5072-9718-486D-B424-E82CF181C74E}.Debug|Any CPU.ActiveCfg = Debug|Any CPU
		{E85D5072-9718-486D-B424-E82CF181C74E}.Debug|Any CPU.Build.0 = Debug|Any CPU
		{E85D5072-9718-486D-B424-E82CF181C74E}.Release|Any CPU.ActiveCfg = Release|Any CPU
		{E85D5072-9718-486D-B424-E82CF181C74E}.Release|Any CPU.Build.0 = Release|Any CPU
		{70E80ECA-33FF-4AFD-9A8A-BFF78AEDE8AE}.Debug|Any CPU.ActiveCfg = Debug|Any CPU
		{70E80ECA-33FF-4AFD-9A8A-BFF78AEDE8AE}.Debug|Any CPU.Build.0 = Debug|Any CPU
		{70E80ECA-33FF-4AFD-9A8A-BFF78AEDE8AE}.Release|Any CPU.ActiveCfg = Release|Any CPU
		{70E80ECA-33FF-4AFD-9A8A-BFF78AEDE8AE}.Release|Any CPU.Build.0 = Release|Any CPU
		{7F9BAF87-18A0-40E8-B6AF-BF98F548328B}.Debug|Any CPU.ActiveCfg = Debug|Any CPU
		{7F9BAF87-18A0-40E8-B6AF-BF98F548328B}.Debug|Any CPU.Build.0 = Debug|Any CPU
		{7F9BAF87-18A0-40E8-B6AF-BF98F548328B}.Release|Any CPU.ActiveCfg = Release|Any CPU
		{7F9BAF87-18A0-40E8-B6AF-BF98F548328B}.Release|Any CPU.Build.0 = Release|Any CPU
		{0F35C1F3-F023-47A6-A840-4DB80707FF32}.Debug|Any CPU.ActiveCfg = Debug|Any CPU
		{0F35C1F3-F023-47A6-A840-4DB80707FF32}.Debug|Any CPU.Build.0 = Debug|Any CPU
		{0F35C1F3-F023-47A6-A840-4DB80707FF32}.Release|Any CPU.ActiveCfg = Release|Any CPU
		{0F35C1F3-F023-47A6-A840-4DB80707FF32}.Release|Any CPU.Build.0 = Release|Any CPU
		{F307B3F0-8402-4A6C-BF01-196EB083F5B3}.Debug|Any CPU.ActiveCfg = Debug|Any CPU
		{F307B3F0-8402-4A6C-BF01-196EB083F5B3}.Debug|Any CPU.Build.0 = Debug|Any CPU
		{F307B3F0-8402-4A6C-BF01-196EB083F5B3}.Release|Any CPU.ActiveCfg = Release|Any CPU
		{F307B3F0-8402-4A6C-BF01-196EB083F5B3}.Release|Any CPU.Build.0 = Release|Any CPU
		{143FA585-D82C-46ED-A6DB-08AED0CF5063}.Debug|Any CPU.ActiveCfg = Debug|Any CPU
		{143FA585-D82C-46ED-A6DB-08AED0CF5063}.Debug|Any CPU.Build.0 = Debug|Any CPU
		{143FA585-D82C-46ED-A6DB-08AED0CF5063}.Release|Any CPU.ActiveCfg = Release|Any CPU
		{143FA585-D82C-46ED-A6DB-08AED0CF5063}.Release|Any CPU.Build.0 = Release|Any CPU
		{B5E350A2-DACD-40FB-9AB3-4D2399BFCE17}.Debug|Any CPU.ActiveCfg = Debug|Any CPU
		{B5E350A2-DACD-40FB-9AB3-4D2399BFCE17}.Debug|Any CPU.Build.0 = Debug|Any CPU
		{B5E350A2-DACD-40FB-9AB3-4D2399BFCE17}.Release|Any CPU.ActiveCfg = Release|Any CPU
		{B5E350A2-DACD-40FB-9AB3-4D2399BFCE17}.Release|Any CPU.Build.0 = Release|Any CPU
		{CFDBD7F1-60D4-44A8-BE1B-E73C06594465}.Debug|Any CPU.ActiveCfg = Debug|Any CPU
		{CFDBD7F1-60D4-44A8-BE1B-E73C06594465}.Debug|Any CPU.Build.0 = Debug|Any CPU
		{CFDBD7F1-60D4-44A8-BE1B-E73C06594465}.Release|Any CPU.ActiveCfg = Release|Any CPU
		{CFDBD7F1-60D4-44A8-BE1B-E73C06594465}.Release|Any CPU.Build.0 = Release|Any CPU
	EndGlobalSection
	GlobalSection(NestedProjects) = preSolution
		{A809C6C7-B416-4C3A-A180-2D204B59B093} = {FD980F47-5B1A-4B30-9BCF-D08703652566}
		{D81D42B2-6299-452E-BE29-7D0AEEBD6769} = {FD980F47-5B1A-4B30-9BCF-D08703652566}
		{E85D5072-9718-486D-B424-E82CF181C74E} = {FD980F47-5B1A-4B30-9BCF-D08703652566}
		{70E80ECA-33FF-4AFD-9A8A-BFF78AEDE8AE} = {FD980F47-5B1A-4B30-9BCF-D08703652566}
		{7F9BAF87-18A0-40E8-B6AF-BF98F548328B} = {FD980F47-5B1A-4B30-9BCF-D08703652566}
		{0F35C1F3-F023-47A6-A840-4DB80707FF32} = {FD980F47-5B1A-4B30-9BCF-D08703652566}
		{F307B3F0-8402-4A6C-BF01-196EB083F5B3} = {FD980F47-5B1A-4B30-9BCF-D08703652566}
		{143FA585-D82C-46ED-A6DB-08AED0CF5063} = {FD980F47-5B1A-4B30-9BCF-D08703652566}
		{CFDBD7F1-60D4-44A8-BE1B-E73C06594465} = {FD980F47-5B1A-4B30-9BCF-D08703652566}
	EndGlobalSection
EndGlobal
